
Microsoft Visual Studio Solution File, Format Version 12.00
# Visual Studio Version 17
VisualStudioVersion = 17.11.35312.102
MinimumVisualStudioVersion = 10.0.40219.1
Project("{FAE04EC0-301F-11D3-BF4B-00C04F79EFBC}") = "CustomerProductManager", "CustomerProductManager.csproj", "{5216ABAB-B032-4389-A523-AFF2C93CD01D}"
EndProject
Global
	GlobalSection(SolutionConfigurationPlatforms) = preSolution
		Debug|Any CPU = Debug|Any CPU
		Release|Any CPU = Release|Any CPU
	EndGlobalSection
	GlobalSection(ProjectConfigurationPlatforms) = postSolution
		{5216ABAB-B032-4389-A523-AFF2C93CD01D}.Debug|Any CPU.ActiveCfg = Debug|Any CPU
		{5216ABAB-B032-4389-A523-AFF2C93CD01D}.Debug|Any CPU.Build.0 = Debug|Any CPU
		{5216ABAB-B032-4389-A523-AFF2C93CD01D}.Release|Any CPU.ActiveCfg = Release|Any CPU
		{5216ABAB-B032-4389-A523-AFF2C93CD01D}.Release|Any CPU.Build.0 = Release|Any CPU
	EndGlobalSection
	GlobalSection(SolutionProperties) = preSolution
		HideSolutionNode = FALSE
	EndGlobalSection
	GlobalSection(ExtensibilityGlobals) = postSolution
		SolutionGuid = {2CF4D138-2609-46B3-BE2B-4A801D606F8C}
	EndGlobalSection
EndGlobal
