
Microsoft Visual Studio Solution File, Format Version 12.00
# Visual Studio Version 17
VisualStudioVersion = 17.11.35312.102
MinimumVisualStudioVersion = 10.0.40219.1
Project("{FAE04EC0-301F-11D3-BF4B-00C04F79EFBC}") = "FamilyTree", "FamilyTree.csproj", "{49C8435B-45F4-49D8-B38E-C6CA340D0F20}"
EndProject
Global
	GlobalSection(SolutionConfigurationPlatforms) = preSolution
		Debug|Any CPU = Debug|Any CPU
		Release|Any CPU = Release|Any CPU
	EndGlobalSection
	GlobalSection(ProjectConfigurationPlatforms) = postSolution
		{49C8435B-45F4-49D8-B38E-C6CA340D0F20}.Debug|Any CPU.ActiveCfg = Debug|Any CPU
		{49C8435B-45F4-49D8-B38E-C6CA340D0F20}.Debug|Any CPU.Build.0 = Debug|Any CPU
		{49C8435B-45F4-49D8-B38E-C6CA340D0F20}.Release|Any CPU.ActiveCfg = Release|Any CPU
		{49C8435B-45F4-49D8-B38E-C6CA340D0F20}.Release|Any CPU.Build.0 = Release|Any CPU
	EndGlobalSection
	GlobalSection(SolutionProperties) = preSolution
		HideSolutionNode = FALSE
	EndGlobalSection
	GlobalSection(ExtensibilityGlobals) = postSolution
		SolutionGuid = {68DB4BA9-ECA0-49E2-9AB7-104B8A70504A}
	EndGlobalSection
EndGlobal
